
Microsoft Visual Studio Solution File, Format Version 12.00
# Visual Studio 15
VisualStudioVersion = 15.0.28010.2046
MinimumVisualStudioVersion = 10.0.40219.1
Project("{FAE04EC0-301F-11D3-BF4B-00C04F79EFBC}") = "WootrixV2Apps.Android", "WootrixV2Apps\WootrixV2Apps.Android\WootrixV2Apps.Android.csproj", "{E9AE2315-BCB7-4F3F-BE21-970F27A14A33}"
EndProject
Project("{FAE04EC0-301F-11D3-BF4B-00C04F79EFBC}") = "WootrixV2Apps.iOS", "WootrixV2Apps\WootrixV2Apps.iOS\WootrixV2Apps.iOS.csproj", "{FAD026A6-26F0-46E6-B2DC-203033DC3D5F}"
EndProject
Project("{FAE04EC0-301F-11D3-BF4B-00C04F79EFBC}") = "WootrixV2Apps", "WootrixV2Apps\WootrixV2Apps\WootrixV2Apps.csproj", "{C61E4A50-4F02-4230-9E79-FD4D1A87F92D}"
EndProject
Global
	GlobalSection(SolutionConfigurationPlatforms) = preSolution
		Ad-Hoc|Any CPU = Ad-Hoc|Any CPU
		Ad-Hoc|iPhone = Ad-Hoc|iPhone
		Ad-Hoc|iPhoneSimulator = Ad-Hoc|iPhoneSimulator
		AppStore|Any CPU = AppStore|Any CPU
		AppStore|iPhone = AppStore|iPhone
		AppStore|iPhoneSimulator = AppStore|iPhoneSimulator
		Debug|Any CPU = Debug|Any CPU
		Debug|iPhone = Debug|iPhone
		Debug|iPhoneSimulator = Debug|iPhoneSimulator
		Release|Any CPU = Release|Any CPU
		Release|iPhone = Release|iPhone
		Release|iPhoneSimulator = Release|iPhoneSimulator
	EndGlobalSection
	GlobalSection(ProjectConfigurationPlatforms) = postSolution
		{E9AE2315-BCB7-4F3F-BE21-970F27A14A33}.Ad-Hoc|Any CPU.ActiveCfg = Release|Any CPU
		{E9AE2315-BCB7-4F3F-BE21-970F27A14A33}.Ad-Hoc|Any CPU.Build.0 = Release|Any CPU
		{E9AE2315-BCB7-4F3F-BE21-970F27A14A33}.Ad-Hoc|Any CPU.Deploy.0 = Release|Any CPU
		{E9AE2315-BCB7-4F3F-BE21-970F27A14A33}.Ad-Hoc|iPhone.ActiveCfg = Release|Any CPU
		{E9AE2315-BCB7-4F3F-BE21-970F27A14A33}.Ad-Hoc|iPhone.Build.0 = Release|Any CPU
		{E9AE2315-BCB7-4F3F-BE21-970F27A14A33}.Ad-Hoc|iPhone.Deploy.0 = Release|Any CPU
		{E9AE2315-BCB7-4F3F-BE21-970F27A14A33}.Ad-Hoc|iPhoneSimulator.ActiveCfg = Release|Any CPU
		{E9AE2315-BCB7-4F3F-BE21-970F27A14A33}.Ad-Hoc|iPhoneSimulator.Build.0 = Release|Any CPU
		{E9AE2315-BCB7-4F3F-BE21-970F27A14A33}.Ad-Hoc|iPhoneSimulator.Deploy.0 = Release|Any CPU
		{E9AE2315-BCB7-4F3F-BE21-970F27A14A33}.AppStore|Any CPU.ActiveCfg = Release|Any CPU
		{E9AE2315-BCB7-4F3F-BE21-970F27A14A33}.AppStore|Any CPU.Build.0 = Release|Any CPU
		{E9AE2315-BCB7-4F3F-BE21-970F27A14A33}.AppStore|Any CPU.Deploy.0 = Release|Any CPU
		{E9AE2315-BCB7-4F3F-BE21-970F27A14A33}.AppStore|iPhone.ActiveCfg = Release|Any CPU
		{E9AE2315-BCB7-4F3F-BE21-970F27A14A33}.AppStore|iPhone.Build.0 = Release|Any CPU
		{E9AE2315-BCB7-4F3F-BE21-970F27A14A33}.AppStore|iPhone.Deploy.0 = Release|Any CPU
		{E9AE2315-BCB7-4F3F-BE21-970F27A14A33}.AppStore|iPhoneSimulator.ActiveCfg = Release|Any CPU
		{E9AE2315-BCB7-4F3F-BE21-970F27A14A33}.AppStore|iPhoneSimulator.Build.0 = Release|Any CPU
		{E9AE2315-BCB7-4F3F-BE21-970F27A14A33}.AppStore|iPhoneSimulator.Deploy.0 = Release|Any CPU
		{E9AE2315-BCB7-4F3F-BE21-970F27A14A33}.Debug|Any CPU.ActiveCfg = Debug|Any CPU
		{E9AE2315-BCB7-4F3F-BE21-970F27A14A33}.Debug|Any CPU.Build.0 = Debug|Any CPU
		{E9AE2315-BCB7-4F3F-BE21-970F27A14A33}.Debug|Any CPU.Deploy.0 = Debug|Any CPU
		{E9AE2315-BCB7-4F3F-BE21-970F27A14A33}.Debug|iPhone.ActiveCfg = Debug|Any CPU
		{E9AE2315-BCB7-4F3F-BE21-970F27A14A33}.Debug|iPhone.Build.0 = Debug|Any CPU
		{E9AE2315-BCB7-4F3F-BE21-970F27A14A33}.Debug|iPhone.Deploy.0 = Debug|Any CPU
		{E9AE2315-BCB7-4F3F-BE21-970F27A14A33}.Debug|iPhoneSimulator.ActiveCfg = Debug|Any CPU
		{E9AE2315-BCB7-4F3F-BE21-970F27A14A33}.Debug|iPhoneSimulator.Build.0 = Debug|Any CPU
		{E9AE2315-BCB7-4F3F-BE21-970F27A14A33}.Debug|iPhoneSimulator.Deploy.0 = Debug|Any CPU
		{E9AE2315-BCB7-4F3F-BE21-970F27A14A33}.Release|Any CPU.ActiveCfg = Release|Any CPU
		{E9AE2315-BCB7-4F3F-BE21-970F27A14A33}.Release|Any CPU.Build.0 = Release|Any CPU
		{E9AE2315-BCB7-4F3F-BE21-970F27A14A33}.Release|Any CPU.Deploy.0 = Release|Any CPU
		{E9AE2315-BCB7-4F3F-BE21-970F27A14A33}.Release|iPhone.ActiveCfg = Release|Any CPU
		{E9AE2315-BCB7-4F3F-BE21-970F27A14A33}.Release|iPhone.Build.0 = Release|Any CPU
		{E9AE2315-BCB7-4F3F-BE21-970F27A14A33}.Release|iPhone.Deploy.0 = Release|Any CPU
		{E9AE2315-BCB7-4F3F-BE21-970F27A14A33}.Release|iPhoneSimulator.ActiveCfg = Release|Any CPU
		{E9AE2315-BCB7-4F3F-BE21-970F27A14A33}.Release|iPhoneSimulator.Build.0 = Release|Any CPU
		{E9AE2315-BCB7-4F3F-BE21-970F27A14A33}.Release|iPhoneSimulator.Deploy.0 = Release|Any CPU
		{FAD026A6-26F0-46E6-B2DC-203033DC3D5F}.Ad-Hoc|Any CPU.ActiveCfg = Ad-Hoc|iPhone
		{FAD026A6-26F0-46E6-B2DC-203033DC3D5F}.Ad-Hoc|Any CPU.Build.0 = Ad-Hoc|iPhone
		{FAD026A6-26F0-46E6-B2DC-203033DC3D5F}.Ad-Hoc|Any CPU.Deploy.0 = Ad-Hoc|iPhone
		{FAD026A6-26F0-46E6-B2DC-203033DC3D5F}.Ad-Hoc|iPhone.ActiveCfg = Ad-Hoc|iPhone
		{FAD026A6-26F0-46E6-B2DC-203033DC3D5F}.Ad-Hoc|iPhone.Build.0 = Ad-Hoc|iPhone
		{FAD026A6-26F0-46E6-B2DC-203033DC3D5F}.Ad-Hoc|iPhone.Deploy.0 = Ad-Hoc|iPhone
		{FAD026A6-26F0-46E6-B2DC-203033DC3D5F}.Ad-Hoc|iPhoneSimulator.ActiveCfg = Ad-Hoc|iPhoneSimulator
		{FAD026A6-26F0-46E6-B2DC-203033DC3D5F}.Ad-Hoc|iPhoneSimulator.Build.0 = Ad-Hoc|iPhoneSimulator
		{FAD026A6-26F0-46E6-B2DC-203033DC3D5F}.Ad-Hoc|iPhoneSimulator.Deploy.0 = Ad-Hoc|iPhoneSimulator
		{FAD026A6-26F0-46E6-B2DC-203033DC3D5F}.AppStore|Any CPU.ActiveCfg = AppStore|iPhone
		{FAD026A6-26F0-46E6-B2DC-203033DC3D5F}.AppStore|Any CPU.Build.0 = AppStore|iPhone
		{FAD026A6-26F0-46E6-B2DC-203033DC3D5F}.AppStore|Any CPU.Deploy.0 = AppStore|iPhone
		{FAD026A6-26F0-46E6-B2DC-203033DC3D5F}.AppStore|iPhone.ActiveCfg = AppStore|iPhone
		{FAD026A6-26F0-46E6-B2DC-203033DC3D5F}.AppStore|iPhone.Build.0 = AppStore|iPhone
		{FAD026A6-26F0-46E6-B2DC-203033DC3D5F}.AppStore|iPhone.Deploy.0 = AppStore|iPhone
		{FAD026A6-26F0-46E6-B2DC-203033DC3D5F}.AppStore|iPhoneSimulator.ActiveCfg = AppStore|iPhoneSimulator
		{FAD026A6-26F0-46E6-B2DC-203033DC3D5F}.AppStore|iPhoneSimulator.Build.0 = AppStore|iPhoneSimulator
		{FAD026A6-26F0-46E6-B2DC-203033DC3D5F}.AppStore|iPhoneSimulator.Deploy.0 = AppStore|iPhoneSimulator
		{FAD026A6-26F0-46E6-B2DC-203033DC3D5F}.Debug|Any CPU.ActiveCfg = Debug|iPhoneSimulator
		{FAD026A6-26F0-46E6-B2DC-203033DC3D5F}.Debug|Any CPU.Build.0 = Debug|iPhoneSimulator
		{FAD026A6-26F0-46E6-B2DC-203033DC3D5F}.Debug|Any CPU.Deploy.0 = Debug|iPhoneSimulator
		{FAD026A6-26F0-46E6-B2DC-203033DC3D5F}.Debug|iPhone.ActiveCfg = Debug|iPhone
		{FAD026A6-26F0-46E6-B2DC-203033DC3D5F}.Debug|iPhone.Build.0 = Debug|iPhone
		{FAD026A6-26F0-46E6-B2DC-203033DC3D5F}.Debug|iPhone.Deploy.0 = Debug|iPhone
		{FAD026A6-26F0-46E6-B2DC-203033DC3D5F}.Debug|iPhoneSimulator.ActiveCfg = Debug|iPhoneSimulator
		{FAD026A6-26F0-46E6-B2DC-203033DC3D5F}.Debug|iPhoneSimulator.Build.0 = Debug|iPhoneSimulator
		{FAD026A6-26F0-46E6-B2DC-203033DC3D5F}.Debug|iPhoneSimulator.Deploy.0 = Debug|iPhoneSimulator
		{FAD026A6-26F0-46E6-B2DC-203033DC3D5F}.Release|Any CPU.ActiveCfg = Release|iPhone
		{FAD026A6-26F0-46E6-B2DC-203033DC3D5F}.Release|Any CPU.Build.0 = Release|iPhone
		{FAD026A6-26F0-46E6-B2DC-203033DC3D5F}.Release|Any CPU.Deploy.0 = Release|iPhone
		{FAD026A6-26F0-46E6-B2DC-203033DC3D5F}.Release|iPhone.ActiveCfg = Release|iPhone
		{FAD026A6-26F0-46E6-B2DC-203033DC3D5F}.Release|iPhone.Build.0 = Release|iPhone
		{FAD026A6-26F0-46E6-B2DC-203033DC3D5F}.Release|iPhone.Deploy.0 = Release|iPhone
		{FAD026A6-26F0-46E6-B2DC-203033DC3D5F}.Release|iPhoneSimulator.ActiveCfg = Release|iPhoneSimulator
		{FAD026A6-26F0-46E6-B2DC-203033DC3D5F}.Release|iPhoneSimulator.Build.0 = Release|iPhoneSimulator
		{FAD026A6-26F0-46E6-B2DC-203033DC3D5F}.Release|iPhoneSimulator.Deploy.0 = Release|iPhoneSimulator
		{C61E4A50-4F02-4230-9E79-FD4D1A87F92D}.Ad-Hoc|Any CPU.ActiveCfg = Debug|Any CPU
		{C61E4A50-4F02-4230-9E79-FD4D1A87F92D}.Ad-Hoc|Any CPU.Build.0 = Debug|Any CPU
		{C61E4A50-4F02-4230-9E79-FD4D1A87F92D}.Ad-Hoc|Any CPU.Deploy.0 = Debug|Any CPU
		{C61E4A50-4F02-4230-9E79-FD4D1A87F92D}.Ad-Hoc|iPhone.ActiveCfg = Debug|Any CPU
		{C61E4A50-4F02-4230-9E79-FD4D1A87F92D}.Ad-Hoc|iPhone.Build.0 = Debug|Any CPU
		{C61E4A50-4F02-4230-9E79-FD4D1A87F92D}.Ad-Hoc|iPhone.Deploy.0 = Debug|Any CPU
		{C61E4A50-4F02-4230-9E79-FD4D1A87F92D}.Ad-Hoc|iPhoneSimulator.ActiveCfg = Debug|Any CPU
		{C61E4A50-4F02-4230-9E79-FD4D1A87F92D}.Ad-Hoc|iPhoneSimulator.Build.0 = Debug|Any CPU
		{C61E4A50-4F02-4230-9E79-FD4D1A87F92D}.Ad-Hoc|iPhoneSimulator.Deploy.0 = Debug|Any CPU
		{C61E4A50-4F02-4230-9E79-FD4D1A87F92D}.AppStore|Any CPU.ActiveCfg = Debug|Any CPU
		{C61E4A50-4F02-4230-9E79-FD4D1A87F92D}.AppStore|Any CPU.Build.0 = Debug|Any CPU
		{C61E4A50-4F02-4230-9E79-FD4D1A87F92D}.AppStore|Any CPU.Deploy.0 = Debug|Any CPU
		{C61E4A50-4F02-4230-9E79-FD4D1A87F92D}.AppStore|iPhone.ActiveCfg = Debug|Any CPU
		{C61E4A50-4F02-4230-9E79-FD4D1A87F92D}.AppStore|iPhone.Build.0 = Debug|Any CPU
		{C61E4A50-4F02-4230-9E79-FD4D1A87F92D}.AppStore|iPhone.Deploy.0 = Debug|Any CPU
		{C61E4A50-4F02-4230-9E79-FD4D1A87F92D}.AppStore|iPhoneSimulator.ActiveCfg = Debug|Any CPU
		{C61E4A50-4F02-4230-9E79-FD4D1A87F92D}.AppStore|iPhoneSimulator.Build.0 = Debug|Any CPU
		{C61E4A50-4F02-4230-9E79-FD4D1A87F92D}.AppStore|iPhoneSimulator.Deploy.0 = Debug|Any CPU
		{C61E4A50-4F02-4230-9E79-FD4D1A87F92D}.Debug|Any CPU.ActiveCfg = Debug|Any CPU
		{C61E4A50-4F02-4230-9E79-FD4D1A87F92D}.Debug|Any CPU.Build.0 = Debug|Any CPU
		{C61E4A50-4F02-4230-9E79-FD4D1A87F92D}.Debug|Any CPU.Deploy.0 = Debug|Any CPU
		{C61E4A50-4F02-4230-9E79-FD4D1A87F92D}.Debug|iPhone.ActiveCfg = Debug|Any CPU
		{C61E4A50-4F02-4230-9E79-FD4D1A87F92D}.Debug|iPhone.Build.0 = Debug|Any CPU
		{C61E4A50-4F02-4230-9E79-FD4D1A87F92D}.Debug|iPhone.Deploy.0 = Debug|Any CPU
		{C61E4A50-4F02-4230-9E79-FD4D1A87F92D}.Debug|iPhoneSimulator.ActiveCfg = Debug|Any CPU
		{C61E4A50-4F02-4230-9E79-FD4D1A87F92D}.Debug|iPhoneSimulator.Build.0 = Debug|Any CPU
		{C61E4A50-4F02-4230-9E79-FD4D1A87F92D}.Debug|iPhoneSimulator.Deploy.0 = Debug|Any CPU
		{C61E4A50-4F02-4230-9E79-FD4D1A87F92D}.Release|Any CPU.ActiveCfg = Release|Any CPU
		{C61E4A50-4F02-4230-9E79-FD4D1A87F92D}.Release|Any CPU.Build.0 = Release|Any CPU
		{C61E4A50-4F02-4230-9E79-FD4D1A87F92D}.Release|Any CPU.Deploy.0 = Release|Any CPU
		{C61E4A50-4F02-4230-9E79-FD4D1A87F92D}.Release|iPhone.ActiveCfg = Release|Any CPU
		{C61E4A50-4F02-4230-9E79-FD4D1A87F92D}.Release|iPhone.Build.0 = Release|Any CPU
		{C61E4A50-4F02-4230-9E79-FD4D1A87F92D}.Release|iPhone.Deploy.0 = Release|Any CPU
		{C61E4A50-4F02-4230-9E79-FD4D1A87F92D}.Release|iPhoneSimulator.ActiveCfg = Release|Any CPU
		{C61E4A50-4F02-4230-9E79-FD4D1A87F92D}.Release|iPhoneSimulator.Build.0 = Release|Any CPU
		{C61E4A50-4F02-4230-9E79-FD4D1A87F92D}.Release|iPhoneSimulator.Deploy.0 = Release|Any CPU
	EndGlobalSection
	GlobalSection(SolutionProperties) = preSolution
		HideSolutionNode = FALSE
	EndGlobalSection
	GlobalSection(ExtensibilityGlobals) = postSolution
		SolutionGuid = {547FC617-DFC0-47ED-91EC-42782E52CBA7}
	EndGlobalSection
EndGlobal
